# Solo-Code Harness Manifest
# ===========================
# File này đánh dấu ranh giới giữa harness infrastructure và code dự án.
# AI Model: đọc file này trước khi phân tích codebase.
#
# MỌI FILE/THƯ MỤC trong [boundaries] là HARNESS — KHÔNG phải code dự án.
# Không sửa, không phân tích như logic nghiệp vụ.

[harness]
version = "4.1.0"
source = "solo-code-io/solo-code-cli"
generated_at = "2026-08-17T15:04:27Z"

[boundaries]
# Thư mục harness — TOÀN BỘ nội dung là harness, KHÔNG chứa code dự án
dirs = [
    ".kilo",
    ".copilot",
    ".gemini",
    ".claude",
    ".claude-plugin",
    ".contracts",
]

# Thư mục DÙNG CHUNG — harness đặt file vào đây, nhưng dự án CŨNG sở hữu
# file riêng ở đây (CI workflow, CODEOWNERS, script dev, cấu hình editor...).
#
# AI Model: KHÔNG được coi cả thư mục này là harness. Chỉ những đường dẫn
# liệt kê trong [shared_files] mới là harness; MỌI file khác trong các thư
# mục này là CODE DỰ ÁN — đọc, phân tích và sửa như bình thường.
shared_dirs = [
    ".github",
    ".vscode",
    "tools",
]

[shared_files]
# Đường dẫn chính xác của file harness nằm trong shared_dirs. Danh sách này
# được sinh ra từ nội dung deploy thực tế, không phải viết tay.
paths = [
    ".github/agents/architect.agent.md",
    ".github/agents/code-reviewer.agent.md",
    ".github/agents/code-simplifier.agent.md",
    ".github/agents/code-skeptic.agent.md",
    ".github/agents/database-reviewer.agent.md",
    ".github/agents/planner.agent.md",
    ".github/agents/python-reviewer.agent.md",
    ".github/agents/refactor-cleaner.agent.md",
    ".github/agents/security-auditor.agent.md",
    ".github/agents/solo-code-engineer.agent.md",
    ".github/agents/tdd-guide.agent.md",
    ".github/agents/test-engineer.agent.md",
    ".github/agents/typescript-reviewer.agent.md",
    ".github/agents/web-performance-auditor.agent.md",
    ".github/copilot-instructions.md",
    ".github/prompts/commit.prompt.md",
    ".github/prompts/debug.prompt.md",
    ".github/prompts/decide.prompt.md",
    ".github/prompts/plan.prompt.md",
    ".github/prompts/ship.prompt.md",
    ".github/prompts/verify.prompt.md",
    ".github/pull_request_template.md",
    ".github/scripts/__init__.py",
    ".github/scripts/boundary_audit.py",
    ".github/scripts/check_skips.py",
    ".github/scripts/checklist.py",
    ".github/scripts/eval_harness.py",
    ".github/scripts/security-allowlist.txt",
    ".github/scripts/security_scan.py",
    ".vscode/mcp.json",
    ".vscode/settings.json",
    "tools/__init__.py",
    "tools/_version.py",
    "tools/agent_scope.py",
    "tools/approve_api_key.py",
    "tools/check_lint_budget.py",
    "tools/compaction.py",
    "tools/compaction_pruner.py",
    "tools/config/coverage-budget.json",
    "tools/config/lint-budget.json",
    "tools/coverage_gate.py",
    "tools/kilo_cli_delegate.py",
    "tools/kilo_server_manager.py",
    "tools/kilo_usage_report.py",
    "tools/opencode_delegate.py",
    "tools/session_analytics.py",
    "tools/session_persistence.py",
    "tools/shared_state.py",
    "tools/shared_state_schema.sql",
    "tools/snapshot_testing.py",
    "tools/solocode_config.py",
    "tools/subagent_seam.py",
]

# File gốc harness — KHÔNG phải code dự án
files = [
    "AGENTS.md",
    "CLAUDE.md",
    "agent.yaml",
    "kilo.jsonc",
    ".mcp.json",
    ".ruff.toml",
    ".gitleaks.toml",
    "Makefile",
    "pyproject.toml",
    "claude-env.ps1",
    "init.sh",
    "verify.sh",
    "extensions_config.json",
    ".gitignore",
    ".pre-commit-config.yaml",
]

# File đánh dấu dành riêng cho harness
markers = [
    ".harness.lock",
    ".solocode",
]
